
Microsoft Visual Studio Solution File, Format Version 12.00
# Visual Studio Version 16
VisualStudioVersion = 16.0.29709.97
MinimumVisualStudioVersion = 10.0.40219.1
Project("{2150E333-8FDC-42A3-9474-1A3956D46DE8}") = "Interfaces", "Interfaces", "{FB65CE9F-D437-4671-8C3D-1E05AFBEAA10}"
EndProject
Project("{9A19103F-16F7-4668-BE54-9A1E7A4F7556}") = "Mgm.VI.Common._Interfaces", "_Interfaces\Mgm.VI.Common._Interfaces\Mgm.VI.Common._Interfaces.csproj", "{C0E8FE1F-2EAD-4629-B100-BA6D2850AFFE}"
EndProject
Project("{9A19103F-16F7-4668-BE54-9A1E7A4F7556}") = "Mgm.VI.Common", "Mgm.VI.Common\Mgm.VI.Common.csproj", "{55C0552E-FF94-46D5-A660-8D1A03F9809F}"
EndProject
Project("{9A19103F-16F7-4668-BE54-9A1E7A4F7556}") = "Mgm.VI.IO._Interfaces", "_Interfaces\Mgm.VI.IO._Interfaces\Mgm.VI.IO._Interfaces.csproj", "{0D50F87B-D5E6-4EBF-87CF-99C479474B8D}"
EndProject
Project("{9A19103F-16F7-4668-BE54-9A1E7A4F7556}") = "Mgm.VI.IO", "Mgm.VI.IO\Mgm.VI.IO.csproj", "{0F870653-23B1-4100-8A33-25C0E35DEEE1}"
EndProject
Project("{9A19103F-16F7-4668-BE54-9A1E7A4F7556}") = "Mgm.VI.Aws._Interfaces", "_Interfaces\Mgm.VI.Aws._Interfaces\Mgm.VI.Aws._Interfaces.csproj", "{35E64E42-51D1-4662-A0DB-94E06F81C44F}"
EndProject
Project("{9A19103F-16F7-4668-BE54-9A1E7A4F7556}") = "Mgm.VI.Aws", "Mgm.VI.Aws\Mgm.VI.Aws.csproj", "{721D6609-94E1-43A4-B29B-DEEFC4E48586}"
EndProject
Project("{9A19103F-16F7-4668-BE54-9A1E7A4F7556}") = "Mgm.VI.Logger._Interfaces", "_Interfaces\Mgm.VI.Logger._Interfaces\Mgm.VI.Logger._Interfaces.csproj", "{9E36B76D-B99C-4A56-B115-4A78544B5411}"
EndProject
Project("{9A19103F-16F7-4668-BE54-9A1E7A4F7556}") = "Mgm.VI.Aws.Sqs.Rules._Interfaces", "_Interfaces\Mgm.VI.Aws.Sqs.Rules._Interfaces\Mgm.VI.Aws.Sqs.Rules._Interfaces.csproj", "{2532AD42-5078-4483-8C81-0F0048BA9172}"
EndProject
Project("{9A19103F-16F7-4668-BE54-9A1E7A4F7556}") = "Mgm.VI.Aws.Sqs.Dto._Interfaces", "_Interfaces\Mgm.VI.Aws.Sqs.Dto._Interfaces\Mgm.VI.Aws.Sqs.Dto._Interfaces.csproj", "{459E0D54-1FA3-4ECB-B81B-1F8B5FA2D30A}"
EndProject
Project("{9A19103F-16F7-4668-BE54-9A1E7A4F7556}") = "Mgm.VI.Data.Dto._Interfaces", "_Interfaces\Mgm.VI.Data.Dto._Interfaces\Mgm.VI.Data.Dto._Interfaces.csproj", "{FBC96555-D037-40A1-A819-E240F04EBFC3}"
EndProject
Project("{9A19103F-16F7-4668-BE54-9A1E7A4F7556}") = "Mgm.VI.Notification._Interfaces", "_Interfaces\Mgm.VI.Notification._Interfaces\Mgm.VI.Notification._Interfaces.csproj", "{EF8AD113-5ADE-4592-8668-A3DDF632946D}"
EndProject
Project("{9A19103F-16F7-4668-BE54-9A1E7A4F7556}") = "Mgm.VI.Security._Interfaces", "_Interfaces\Mgm.VI.Security._Interfaces\Mgm.VI.Security._Interfaces.csproj", "{41B2FA7C-D566-4F55-94A4-99227C32E26A}"
EndProject
Project("{9A19103F-16F7-4668-BE54-9A1E7A4F7556}") = "Mgm.VI.Aws.Sqs._Interfaces", "_Interfaces\Mgm.VI.Aws.Sqs._Interfaces\Mgm.VI.Aws.Sqs._Interfaces.csproj", "{2D52B704-043C-4A9F-B719-EC7BDA953B56}"
EndProject
Project("{9A19103F-16F7-4668-BE54-9A1E7A4F7556}") = "Mgm.VI.Logger", "Mgm.VI.Logger\Mgm.VI.Logger.csproj", "{0777931E-1534-4FDA-9061-6685B725F533}"
EndProject
Project("{9A19103F-16F7-4668-BE54-9A1E7A4F7556}") = "Mgm.VI.Aws.Sqs.Dto", "Mgm.VI.Aws.Sqs.Dto\Mgm.VI.Aws.Sqs.Dto.csproj", "{FFE82F39-44E2-4ABA-B6EB-0A7BB07293F3}"
EndProject
Project("{9A19103F-16F7-4668-BE54-9A1E7A4F7556}") = "Mgm.VI.Data.Dto", "Mgm.VI.Data.Dto\Mgm.VI.Data.Dto.csproj", "{3D671ED0-28A4-4F94-AD4E-21C9C2F11F94}"
EndProject
Project("{9A19103F-16F7-4668-BE54-9A1E7A4F7556}") = "Mgm.VI.Data.Map", "Mgm.VI.Data.Map\Mgm.VI.Data.Map.csproj", "{4FE933F7-D4CB-4FD6-BB8A-D0297C923C8D}"
EndProject
Project("{9A19103F-16F7-4668-BE54-9A1E7A4F7556}") = "Mgm.VI.Data.Model", "Mgm.VI.Data.Model\Mgm.VI.Data.Model.csproj", "{D4636C58-3C5B-45F3-94DE-7AACC1F991BB}"
EndProject
Project("{9A19103F-16F7-4668-BE54-9A1E7A4F7556}") = "Mgm.VI.Aws.Sqs", "Mgm.VI.Aws.Sqs\Mgm.VI.Aws.Sqs.csproj", "{EE237EF3-36A9-4364-8B6E-CE354939B4ED}"
EndProject
Project("{9A19103F-16F7-4668-BE54-9A1E7A4F7556}") = "Mgm.VI.Aws.Sqs.Rules", "Mgm.VI.Aws.Sqs.Rules\Mgm.VI.Aws.Sqs.Rules.csproj", "{A34B937F-A8FC-492D-A885-8DC15FFE1A5C}"
EndProject
Project("{9A19103F-16F7-4668-BE54-9A1E7A4F7556}") = "Mgm.VI.Facade", "Mgm.VI.Facade\Mgm.VI.Facade.csproj", "{DCD0EDBA-0192-4F9E-9AAF-A34517A9AAD7}"
EndProject
Project("{9A19103F-16F7-4668-BE54-9A1E7A4F7556}") = "Mgm.VI.Facade._Interfaces", "_Interfaces\Mgm.VI.Facade._Interfaces\Mgm.VI.Facade._Interfaces.csproj", "{BE10151B-5115-4483-8F6B-E0BC8C044549}"
EndProject
Project("{9A19103F-16F7-4668-BE54-9A1E7A4F7556}") = "Mgm.VI.Services._Interfaces", "_Interfaces\Mgm.VI.Services._Interfaces\Mgm.VI.Services._Interfaces.csproj", "{ACF94713-DEAE-462A-B297-912058854211}"
EndProject
Project("{9A19103F-16F7-4668-BE54-9A1E7A4F7556}") = "Mgm.VI.Services", "Mgm.VI.Services\Mgm.VI.Services.csproj", "{5F72F77D-FD4D-4263-8F69-5EBD59649750}"
EndProject
Project("{9A19103F-16F7-4668-BE54-9A1E7A4F7556}") = "Mgm.VI.Repository._Interfaces", "_Interfaces\Mgm.VI.Repository._Interfaces\Mgm.VI.Repository._Interfaces.csproj", "{34C337F8-2C63-47EE-AF2C-1B7936A9986F}"
EndProject
Project("{9A19103F-16F7-4668-BE54-9A1E7A4F7556}") = "Mgm.VI.Repository", "Mgm.VI.Repository\Mgm.VI.Repository.csproj", "{C2A494B8-9EB8-478C-9E24-C47595F448ED}"
EndProject
Project("{9A19103F-16F7-4668-BE54-9A1E7A4F7556}") = "Mgm.VI.Business", "Mgm.VI.Business\Mgm.VI.Business.csproj", "{E93E8153-56ED-4526-8F24-04251EBC3C93}"
EndProject
Project("{9A19103F-16F7-4668-BE54-9A1E7A4F7556}") = "Mgm.VI.Aws.Sqs.Processor", "Mgm.VI.Aws.Sqs.Processor\Mgm.VI.Aws.Sqs.Processor.csproj", "{062B89F7-2BD8-45B0-AB2D-B19886F04FE2}"
EndProject
Project("{9A19103F-16F7-4668-BE54-9A1E7A4F7556}") = "Mgm.VI.Notification", "Mgm.VI.Notification\Mgm.VI.Notification.csproj", "{8F7B6742-A9D8-438F-98E9-692B3F2A2AA3}"
EndProject
Project("{9A19103F-16F7-4668-BE54-9A1E7A4F7556}") = "Mgm.VI.Security", "Mgm.VI.Security\Mgm.VI.Security.csproj", "{FEF61EBD-6491-4509-8B3D-3762FA6CED40}"
EndProject
Project("{9A19103F-16F7-4668-BE54-9A1E7A4F7556}") = "Mgm.VI.Aws.Sqs.Sender", "Mgm.VI.Aws.Sqs.Sender\Mgm.VI.Aws.Sqs.Sender.csproj", "{14510064-3954-4D0E-871C-A8D803A5747D}"
EndProject
Project("{FAE04EC0-301F-11D3-BF4B-00C04F79EFBC}") = "Mgm.VI.Test", "Mgm.VI.Test\Mgm.VI.Test.csproj", "{D708268E-EA34-435E-A6A9-A73C347410BC}"
EndProject
Project("{9A19103F-16F7-4668-BE54-9A1E7A4F7556}") = "Mgm.VI.Data.Model._Interfaces", "_Interfaces\Mgm.VI.Data.Model._Interfaces\Mgm.VI.Data.Model._Interfaces.csproj", "{1E9B00FB-00EF-4D9D-BC25-C7B0622C2D0F}"
EndProject
Project("{9A19103F-16F7-4668-BE54-9A1E7A4F7556}") = "Mgm.VI.Data.Map._Interfaces", "_Interfaces\Mgm.VI.Data.Map._Interfaces\Mgm.VI.Data.Map._Interfaces.csproj", "{05DE213B-0F3D-41F1-AFCE-286CE6A64D7F}"
EndProject
Project("{9A19103F-16F7-4668-BE54-9A1E7A4F7556}") = "Mgm.VI.Business", "_Interfaces\Mgm.VI.Business._Interfaces\Mgm.VI.Business.csproj", "{2DD912A3-0AD4-4A73-A12F-04E57FC8CC92}"
EndProject
Global
	GlobalSection(SolutionConfigurationPlatforms) = preSolution
		Debug|Any CPU = Debug|Any CPU
		Release|Any CPU = Release|Any CPU
	EndGlobalSection
	GlobalSection(ProjectConfigurationPlatforms) = postSolution
		{C0E8FE1F-2EAD-4629-B100-BA6D2850AFFE}.Debug|Any CPU.ActiveCfg = Debug|Any CPU
		{C0E8FE1F-2EAD-4629-B100-BA6D2850AFFE}.Debug|Any CPU.Build.0 = Debug|Any CPU
		{C0E8FE1F-2EAD-4629-B100-BA6D2850AFFE}.Release|Any CPU.ActiveCfg = Release|Any CPU
		{C0E8FE1F-2EAD-4629-B100-BA6D2850AFFE}.Release|Any CPU.Build.0 = Release|Any CPU
		{55C0552E-FF94-46D5-A660-8D1A03F9809F}.Debug|Any CPU.ActiveCfg = Debug|Any CPU
		{55C0552E-FF94-46D5-A660-8D1A03F9809F}.Debug|Any CPU.Build.0 = Debug|Any CPU
		{55C0552E-FF94-46D5-A660-8D1A03F9809F}.Release|Any CPU.ActiveCfg = Release|Any CPU
		{55C0552E-FF94-46D5-A660-8D1A03F9809F}.Release|Any CPU.Build.0 = Release|Any CPU
		{0D50F87B-D5E6-4EBF-87CF-99C479474B8D}.Debug|Any CPU.ActiveCfg = Debug|Any CPU
		{0D50F87B-D5E6-4EBF-87CF-99C479474B8D}.Debug|Any CPU.Build.0 = Debug|Any CPU
		{0D50F87B-D5E6-4EBF-87CF-99C479474B8D}.Release|Any CPU.ActiveCfg = Release|Any CPU
		{0D50F87B-D5E6-4EBF-87CF-99C479474B8D}.Release|Any CPU.Build.0 = Release|Any CPU
		{0F870653-23B1-4100-8A33-25C0E35DEEE1}.Debug|Any CPU.ActiveCfg = Debug|Any CPU
		{0F870653-23B1-4100-8A33-25C0E35DEEE1}.Debug|Any CPU.Build.0 = Debug|Any CPU
		{0F870653-23B1-4100-8A33-25C0E35DEEE1}.Release|Any CPU.ActiveCfg = Release|Any CPU
		{0F870653-23B1-4100-8A33-25C0E35DEEE1}.Release|Any CPU.Build.0 = Release|Any CPU
		{35E64E42-51D1-4662-A0DB-94E06F81C44F}.Debug|Any CPU.ActiveCfg = Debug|Any CPU
		{35E64E42-51D1-4662-A0DB-94E06F81C44F}.Debug|Any CPU.Build.0 = Debug|Any CPU
		{35E64E42-51D1-4662-A0DB-94E06F81C44F}.Release|Any CPU.ActiveCfg = Release|Any CPU
		{35E64E42-51D1-4662-A0DB-94E06F81C44F}.Release|Any CPU.Build.0 = Release|Any CPU
		{721D6609-94E1-43A4-B29B-DEEFC4E48586}.Debug|Any CPU.ActiveCfg = Debug|Any CPU
		{721D6609-94E1-43A4-B29B-DEEFC4E48586}.Debug|Any CPU.Build.0 = Debug|Any CPU
		{721D6609-94E1-43A4-B29B-DEEFC4E48586}.Release|Any CPU.ActiveCfg = Release|Any CPU
		{721D6609-94E1-43A4-B29B-DEEFC4E48586}.Release|Any CPU.Build.0 = Release|Any CPU
		{9E36B76D-B99C-4A56-B115-4A78544B5411}.Debug|Any CPU.ActiveCfg = Debug|Any CPU
		{9E36B76D-B99C-4A56-B115-4A78544B5411}.Debug|Any CPU.Build.0 = Debug|Any CPU
		{9E36B76D-B99C-4A56-B115-4A78544B5411}.Release|Any CPU.ActiveCfg = Release|Any CPU
		{9E36B76D-B99C-4A56-B115-4A78544B5411}.Release|Any CPU.Build.0 = Release|Any CPU
		{2532AD42-5078-4483-8C81-0F0048BA9172}.Debug|Any CPU.ActiveCfg = Debug|Any CPU
		{2532AD42-5078-4483-8C81-0F0048BA9172}.Debug|Any CPU.Build.0 = Debug|Any CPU
		{2532AD42-5078-4483-8C81-0F0048BA9172}.Release|Any CPU.ActiveCfg = Release|Any CPU
		{2532AD42-5078-4483-8C81-0F0048BA9172}.Release|Any CPU.Build.0 = Release|Any CPU
		{459E0D54-1FA3-4ECB-B81B-1F8B5FA2D30A}.Debug|Any CPU.ActiveCfg = Debug|Any CPU
		{459E0D54-1FA3-4ECB-B81B-1F8B5FA2D30A}.Debug|Any CPU.Build.0 = Debug|Any CPU
		{459E0D54-1FA3-4ECB-B81B-1F8B5FA2D30A}.Release|Any CPU.ActiveCfg = Release|Any CPU
		{459E0D54-1FA3-4ECB-B81B-1F8B5FA2D30A}.Release|Any CPU.Build.0 = Release|Any CPU
		{FBC96555-D037-40A1-A819-E240F04EBFC3}.Debug|Any CPU.ActiveCfg = Debug|Any CPU
		{FBC96555-D037-40A1-A819-E240F04EBFC3}.Debug|Any CPU.Build.0 = Debug|Any CPU
		{FBC96555-D037-40A1-A819-E240F04EBFC3}.Release|Any CPU.ActiveCfg = Release|Any CPU
		{FBC96555-D037-40A1-A819-E240F04EBFC3}.Release|Any CPU.Build.0 = Release|Any CPU
		{EF8AD113-5ADE-4592-8668-A3DDF632946D}.Debug|Any CPU.ActiveCfg = Debug|Any CPU
		{EF8AD113-5ADE-4592-8668-A3DDF632946D}.Debug|Any CPU.Build.0 = Debug|Any CPU
		{EF8AD113-5ADE-4592-8668-A3DDF632946D}.Release|Any CPU.ActiveCfg = Release|Any CPU
		{EF8AD113-5ADE-4592-8668-A3DDF632946D}.Release|Any CPU.Build.0 = Release|Any CPU
		{41B2FA7C-D566-4F55-94A4-99227C32E26A}.Debug|Any CPU.ActiveCfg = Debug|Any CPU
		{41B2FA7C-D566-4F55-94A4-99227C32E26A}.Debug|Any CPU.Build.0 = Debug|Any CPU
		{41B2FA7C-D566-4F55-94A4-99227C32E26A}.Release|Any CPU.ActiveCfg = Release|Any CPU
		{41B2FA7C-D566-4F55-94A4-99227C32E26A}.Release|Any CPU.Build.0 = Release|Any CPU
		{2D52B704-043C-4A9F-B719-EC7BDA953B56}.Debug|Any CPU.ActiveCfg = Debug|Any CPU
		{2D52B704-043C-4A9F-B719-EC7BDA953B56}.Debug|Any CPU.Build.0 = Debug|Any CPU
		{2D52B704-043C-4A9F-B719-EC7BDA953B56}.Release|Any CPU.ActiveCfg = Release|Any CPU
		{2D52B704-043C-4A9F-B719-EC7BDA953B56}.Release|Any CPU.Build.0 = Release|Any CPU
		{0777931E-1534-4FDA-9061-6685B725F533}.Debug|Any CPU.ActiveCfg = Debug|Any CPU
		{0777931E-1534-4FDA-9061-6685B725F533}.Debug|Any CPU.Build.0 = Debug|Any CPU
		{0777931E-1534-4FDA-9061-6685B725F533}.Release|Any CPU.ActiveCfg = Release|Any CPU
		{0777931E-1534-4FDA-9061-6685B725F533}.Release|Any CPU.Build.0 = Release|Any CPU
		{FFE82F39-44E2-4ABA-B6EB-0A7BB07293F3}.Debug|Any CPU.ActiveCfg = Debug|Any CPU
		{FFE82F39-44E2-4ABA-B6EB-0A7BB07293F3}.Debug|Any CPU.Build.0 = Debug|Any CPU
		{FFE82F39-44E2-4ABA-B6EB-0A7BB07293F3}.Release|Any CPU.ActiveCfg = Release|Any CPU
		{FFE82F39-44E2-4ABA-B6EB-0A7BB07293F3}.Release|Any CPU.Build.0 = Release|Any CPU
		{3D671ED0-28A4-4F94-AD4E-21C9C2F11F94}.Debug|Any CPU.ActiveCfg = Debug|Any CPU
		{3D671ED0-28A4-4F94-AD4E-21C9C2F11F94}.Debug|Any CPU.Build.0 = Debug|Any CPU
		{3D671ED0-28A4-4F94-AD4E-21C9C2F11F94}.Release|Any CPU.ActiveCfg = Release|Any CPU
		{3D671ED0-28A4-4F94-AD4E-21C9C2F11F94}.Release|Any CPU.Build.0 = Release|Any CPU
		{4FE933F7-D4CB-4FD6-BB8A-D0297C923C8D}.Debug|Any CPU.ActiveCfg = Debug|Any CPU
		{4FE933F7-D4CB-4FD6-BB8A-D0297C923C8D}.Debug|Any CPU.Build.0 = Debug|Any CPU
		{4FE933F7-D4CB-4FD6-BB8A-D0297C923C8D}.Release|Any CPU.ActiveCfg = Release|Any CPU
		{4FE933F7-D4CB-4FD6-BB8A-D0297C923C8D}.Release|Any CPU.Build.0 = Release|Any CPU
		{D4636C58-3C5B-45F3-94DE-7AACC1F991BB}.Debug|Any CPU.ActiveCfg = Debug|Any CPU
		{D4636C58-3C5B-45F3-94DE-7AACC1F991BB}.Debug|Any CPU.Build.0 = Debug|Any CPU
		{D4636C58-3C5B-45F3-94DE-7AACC1F991BB}.Release|Any CPU.ActiveCfg = Release|Any CPU
		{D4636C58-3C5B-45F3-94DE-7AACC1F991BB}.Release|Any CPU.Build.0 = Release|Any CPU
		{EE237EF3-36A9-4364-8B6E-CE354939B4ED}.Debug|Any CPU.ActiveCfg = Debug|Any CPU
		{EE237EF3-36A9-4364-8B6E-CE354939B4ED}.Debug|Any CPU.Build.0 = Debug|Any CPU
		{EE237EF3-36A9-4364-8B6E-CE354939B4ED}.Release|Any CPU.ActiveCfg = Release|Any CPU
		{EE237EF3-36A9-4364-8B6E-CE354939B4ED}.Release|Any CPU.Build.0 = Release|Any CPU
		{A34B937F-A8FC-492D-A885-8DC15FFE1A5C}.Debug|Any CPU.ActiveCfg = Debug|Any CPU
		{A34B937F-A8FC-492D-A885-8DC15FFE1A5C}.Debug|Any CPU.Build.0 = Debug|Any CPU
		{A34B937F-A8FC-492D-A885-8DC15FFE1A5C}.Release|Any CPU.ActiveCfg = Release|Any CPU
		{A34B937F-A8FC-492D-A885-8DC15FFE1A5C}.Release|Any CPU.Build.0 = Release|Any CPU
		{DCD0EDBA-0192-4F9E-9AAF-A34517A9AAD7}.Debug|Any CPU.ActiveCfg = Debug|Any CPU
		{DCD0EDBA-0192-4F9E-9AAF-A34517A9AAD7}.Debug|Any CPU.Build.0 = Debug|Any CPU
		{DCD0EDBA-0192-4F9E-9AAF-A34517A9AAD7}.Release|Any CPU.ActiveCfg = Release|Any CPU
		{DCD0EDBA-0192-4F9E-9AAF-A34517A9AAD7}.Release|Any CPU.Build.0 = Release|Any CPU
		{BE10151B-5115-4483-8F6B-E0BC8C044549}.Debug|Any CPU.ActiveCfg = Debug|Any CPU
		{BE10151B-5115-4483-8F6B-E0BC8C044549}.Debug|Any CPU.Build.0 = Debug|Any CPU
		{BE10151B-5115-4483-8F6B-E0BC8C044549}.Release|Any CPU.ActiveCfg = Release|Any CPU
		{BE10151B-5115-4483-8F6B-E0BC8C044549}.Release|Any CPU.Build.0 = Release|Any CPU
		{ACF94713-DEAE-462A-B297-912058854211}.Debug|Any CPU.ActiveCfg = Debug|Any CPU
		{ACF94713-DEAE-462A-B297-912058854211}.Debug|Any CPU.Build.0 = Debug|Any CPU
		{ACF94713-DEAE-462A-B297-912058854211}.Release|Any CPU.ActiveCfg = Release|Any CPU
		{ACF94713-DEAE-462A-B297-912058854211}.Release|Any CPU.Build.0 = Release|Any CPU
		{5F72F77D-FD4D-4263-8F69-5EBD59649750}.Debug|Any CPU.ActiveCfg = Debug|Any CPU
		{5F72F77D-FD4D-4263-8F69-5EBD59649750}.Debug|Any CPU.Build.0 = Debug|Any CPU
		{5F72F77D-FD4D-4263-8F69-5EBD59649750}.Release|Any CPU.ActiveCfg = Release|Any CPU
		{5F72F77D-FD4D-4263-8F69-5EBD59649750}.Release|Any CPU.Build.0 = Release|Any CPU
		{34C337F8-2C63-47EE-AF2C-1B7936A9986F}.Debug|Any CPU.ActiveCfg = Debug|Any CPU
		{34C337F8-2C63-47EE-AF2C-1B7936A9986F}.Debug|Any CPU.Build.0 = Debug|Any CPU
		{34C337F8-2C63-47EE-AF2C-1B7936A9986F}.Release|Any CPU.ActiveCfg = Release|Any CPU
		{34C337F8-2C63-47EE-AF2C-1B7936A9986F}.Release|Any CPU.Build.0 = Release|Any CPU
		{C2A494B8-9EB8-478C-9E24-C47595F448ED}.Debug|Any CPU.ActiveCfg = Debug|Any CPU
		{C2A494B8-9EB8-478C-9E24-C47595F448ED}.Debug|Any CPU.Build.0 = Debug|Any CPU
		{C2A494B8-9EB8-478C-9E24-C47595F448ED}.Release|Any CPU.ActiveCfg = Release|Any CPU
		{C2A494B8-9EB8-478C-9E24-C47595F448ED}.Release|Any CPU.Build.0 = Release|Any CPU
		{E93E8153-56ED-4526-8F24-04251EBC3C93}.Debug|Any CPU.ActiveCfg = Debug|Any CPU
		{E93E8153-56ED-4526-8F24-04251EBC3C93}.Debug|Any CPU.Build.0 = Debug|Any CPU
		{E93E8153-56ED-4526-8F24-04251EBC3C93}.Release|Any CPU.ActiveCfg = Release|Any CPU
		{E93E8153-56ED-4526-8F24-04251EBC3C93}.Release|Any CPU.Build.0 = Release|Any CPU
		{062B89F7-2BD8-45B0-AB2D-B19886F04FE2}.Debug|Any CPU.ActiveCfg = Debug|Any CPU
		{062B89F7-2BD8-45B0-AB2D-B19886F04FE2}.Debug|Any CPU.Build.0 = Debug|Any CPU
		{062B89F7-2BD8-45B0-AB2D-B19886F04FE2}.Release|Any CPU.ActiveCfg = Release|Any CPU
		{062B89F7-2BD8-45B0-AB2D-B19886F04FE2}.Release|Any CPU.Build.0 = Release|Any CPU
		{8F7B6742-A9D8-438F-98E9-692B3F2A2AA3}.Debug|Any CPU.ActiveCfg = Debug|Any CPU
		{8F7B6742-A9D8-438F-98E9-692B3F2A2AA3}.Debug|Any CPU.Build.0 = Debug|Any CPU
		{8F7B6742-A9D8-438F-98E9-692B3F2A2AA3}.Release|Any CPU.ActiveCfg = Release|Any CPU
		{8F7B6742-A9D8-438F-98E9-692B3F2A2AA3}.Release|Any CPU.Build.0 = Release|Any CPU
		{FEF61EBD-6491-4509-8B3D-3762FA6CED40}.Debug|Any CPU.ActiveCfg = Debug|Any CPU
		{FEF61EBD-6491-4509-8B3D-3762FA6CED40}.Debug|Any CPU.Build.0 = Debug|Any CPU
		{FEF61EBD-6491-4509-8B3D-3762FA6CED40}.Release|Any CPU.ActiveCfg = Release|Any CPU
		{FEF61EBD-6491-4509-8B3D-3762FA6CED40}.Release|Any CPU.Build.0 = Release|Any CPU
		{14510064-3954-4D0E-871C-A8D803A5747D}.Debug|Any CPU.ActiveCfg = Debug|Any CPU
		{14510064-3954-4D0E-871C-A8D803A5747D}.Debug|Any CPU.Build.0 = Debug|Any CPU
		{14510064-3954-4D0E-871C-A8D803A5747D}.Release|Any CPU.ActiveCfg = Release|Any CPU
		{14510064-3954-4D0E-871C-A8D803A5747D}.Release|Any CPU.Build.0 = Release|Any CPU
		{D708268E-EA34-435E-A6A9-A73C347410BC}.Debug|Any CPU.ActiveCfg = Debug|Any CPU
		{D708268E-EA34-435E-A6A9-A73C347410BC}.Debug|Any CPU.Build.0 = Debug|Any CPU
		{D708268E-EA34-435E-A6A9-A73C347410BC}.Release|Any CPU.ActiveCfg = Release|Any CPU
		{D708268E-EA34-435E-A6A9-A73C347410BC}.Release|Any CPU.Build.0 = Release|Any CPU
		{1E9B00FB-00EF-4D9D-BC25-C7B0622C2D0F}.Debug|Any CPU.ActiveCfg = Debug|Any CPU
		{1E9B00FB-00EF-4D9D-BC25-C7B0622C2D0F}.Debug|Any CPU.Build.0 = Debug|Any CPU
		{1E9B00FB-00EF-4D9D-BC25-C7B0622C2D0F}.Release|Any CPU.ActiveCfg = Release|Any CPU
		{1E9B00FB-00EF-4D9D-BC25-C7B0622C2D0F}.Release|Any CPU.Build.0 = Release|Any CPU
		{05DE213B-0F3D-41F1-AFCE-286CE6A64D7F}.Debug|Any CPU.ActiveCfg = Debug|Any CPU
		{05DE213B-0F3D-41F1-AFCE-286CE6A64D7F}.Debug|Any CPU.Build.0 = Debug|Any CPU
		{05DE213B-0F3D-41F1-AFCE-286CE6A64D7F}.Release|Any CPU.ActiveCfg = Release|Any CPU
		{05DE213B-0F3D-41F1-AFCE-286CE6A64D7F}.Release|Any CPU.Build.0 = Release|Any CPU
		{2DD912A3-0AD4-4A73-A12F-04E57FC8CC92}.Debug|Any CPU.ActiveCfg = Debug|Any CPU
		{2DD912A3-0AD4-4A73-A12F-04E57FC8CC92}.Debug|Any CPU.Build.0 = Debug|Any CPU
		{2DD912A3-0AD4-4A73-A12F-04E57FC8CC92}.Release|Any CPU.ActiveCfg = Release|Any CPU
		{2DD912A3-0AD4-4A73-A12F-04E57FC8CC92}.Release|Any CPU.Build.0 = Release|Any CPU
	EndGlobalSection
	GlobalSection(SolutionProperties) = preSolution
		HideSolutionNode = FALSE
	EndGlobalSection
	GlobalSection(NestedProjects) = preSolution
		{C0E8FE1F-2EAD-4629-B100-BA6D2850AFFE} = {FB65CE9F-D437-4671-8C3D-1E05AFBEAA10}
		{0D50F87B-D5E6-4EBF-87CF-99C479474B8D} = {FB65CE9F-D437-4671-8C3D-1E05AFBEAA10}
		{35E64E42-51D1-4662-A0DB-94E06F81C44F} = {FB65CE9F-D437-4671-8C3D-1E05AFBEAA10}
		{9E36B76D-B99C-4A56-B115-4A78544B5411} = {FB65CE9F-D437-4671-8C3D-1E05AFBEAA10}
		{2532AD42-5078-4483-8C81-0F0048BA9172} = {FB65CE9F-D437-4671-8C3D-1E05AFBEAA10}
		{459E0D54-1FA3-4ECB-B81B-1F8B5FA2D30A} = {FB65CE9F-D437-4671-8C3D-1E05AFBEAA10}
		{FBC96555-D037-40A1-A819-E240F04EBFC3} = {FB65CE9F-D437-4671-8C3D-1E05AFBEAA10}
		{EF8AD113-5ADE-4592-8668-A3DDF632946D} = {FB65CE9F-D437-4671-8C3D-1E05AFBEAA10}
		{41B2FA7C-D566-4F55-94A4-99227C32E26A} = {FB65CE9F-D437-4671-8C3D-1E05AFBEAA10}
		{2D52B704-043C-4A9F-B719-EC7BDA953B56} = {FB65CE9F-D437-4671-8C3D-1E05AFBEAA10}
		{BE10151B-5115-4483-8F6B-E0BC8C044549} = {FB65CE9F-D437-4671-8C3D-1E05AFBEAA10}
		{ACF94713-DEAE-462A-B297-912058854211} = {FB65CE9F-D437-4671-8C3D-1E05AFBEAA10}
		{34C337F8-2C63-47EE-AF2C-1B7936A9986F} = {FB65CE9F-D437-4671-8C3D-1E05AFBEAA10}
		{1E9B00FB-00EF-4D9D-BC25-C7B0622C2D0F} = {FB65CE9F-D437-4671-8C3D-1E05AFBEAA10}
		{05DE213B-0F3D-41F1-AFCE-286CE6A64D7F} = {FB65CE9F-D437-4671-8C3D-1E05AFBEAA10}
		{2DD912A3-0AD4-4A73-A12F-04E57FC8CC92} = {FB65CE9F-D437-4671-8C3D-1E05AFBEAA10}
	EndGlobalSection
	GlobalSection(ExtensibilityGlobals) = postSolution
		SolutionGuid = {5F0F4D8B-06C9-400F-B2FE-A8F0AAD10CB5}
	EndGlobalSection
EndGlobal
